
Microsoft Visual Studio Solution File, Format Version 12.00
# Visual Studio 15
VisualStudioVersion = 15.0.27004.2005
MinimumVisualStudioVersion = 10.0.40219.1
Project("{9A19103F-16F7-4668-BE54-9A1E7A4F7556}") = "Business", "Business\Business.csproj", "{1BDD439C-256C-4A75-8952-971E6C7CC5C2}"
EndProject
Project("{FAE04EC0-301F-11D3-BF4B-00C04F79EFBC}") = "Repository", "Repository\Repository.csproj", "{F3D00445-270A-49A9-8326-00DBBCFEF992}"
EndProject
Project("{FAE04EC0-301F-11D3-BF4B-00C04F79EFBC}") = "api", "api\api.csproj", "{AFC036C4-AC62-43BB-812E-3931FF561F39}"
EndProject
Global
	GlobalSection(SolutionConfigurationPlatforms) = preSolution
		Debug|Any CPU = Debug|Any CPU
		Release|Any CPU = Release|Any CPU
	EndGlobalSection
	GlobalSection(ProjectConfigurationPlatforms) = postSolution
		{1BDD439C-256C-4A75-8952-971E6C7CC5C2}.Debug|Any CPU.ActiveCfg = Debug|Any CPU
		{1BDD439C-256C-4A75-8952-971E6C7CC5C2}.Debug|Any CPU.Build.0 = Debug|Any CPU
		{1BDD439C-256C-4A75-8952-971E6C7CC5C2}.Release|Any CPU.ActiveCfg = Release|Any CPU
		{1BDD439C-256C-4A75-8952-971E6C7CC5C2}.Release|Any CPU.Build.0 = Release|Any CPU
		{F3D00445-270A-49A9-8326-00DBBCFEF992}.Debug|Any CPU.ActiveCfg = Debug|Any CPU
		{F3D00445-270A-49A9-8326-00DBBCFEF992}.Debug|Any CPU.Build.0 = Debug|Any CPU
		{F3D00445-270A-49A9-8326-00DBBCFEF992}.Release|Any CPU.ActiveCfg = Release|Any CPU
		{F3D00445-270A-49A9-8326-00DBBCFEF992}.Release|Any CPU.Build.0 = Release|Any CPU
		{AFC036C4-AC62-43BB-812E-3931FF561F39}.Debug|Any CPU.ActiveCfg = Debug|Any CPU
		{AFC036C4-AC62-43BB-812E-3931FF561F39}.Debug|Any CPU.Build.0 = Debug|Any CPU
		{AFC036C4-AC62-43BB-812E-3931FF561F39}.Release|Any CPU.ActiveCfg = Release|Any CPU
		{AFC036C4-AC62-43BB-812E-3931FF561F39}.Release|Any CPU.Build.0 = Release|Any CPU
	EndGlobalSection
	GlobalSection(SolutionProperties) = preSolution
		HideSolutionNode = FALSE
	EndGlobalSection
	GlobalSection(ExtensibilityGlobals) = postSolution
		SolutionGuid = {F2B5AAC3-71D2-4F72-814C-486D2B447174}
	EndGlobalSection
EndGlobal
